
Microsoft Visual Studio Solution File, Format Version 12.00
# Visual Studio Version 17
VisualStudioVersion = 17.14.36429.23 d17.14
MinimumVisualStudioVersion = 10.0.40219.1
Project("{FAE04EC0-301F-11D3-BF4B-00C04F79EFBC}") = "StudySnap", "StudySnap.csproj", "{FFBFC2A9-E60C-4D9D-9ABC-5EAA42B923D6}"
EndProject
Global
	GlobalSection(SolutionConfigurationPlatforms) = preSolution
		Debug|Any CPU = Debug|Any CPU
		Release|Any CPU = Release|Any CPU
	EndGlobalSection
	GlobalSection(ProjectConfigurationPlatforms) = postSolution
		{FFBFC2A9-E60C-4D9D-9ABC-5EAA42B923D6}.Debug|Any CPU.ActiveCfg = Debug|Any CPU
		{FFBFC2A9-E60C-4D9D-9ABC-5EAA42B923D6}.Debug|Any CPU.Build.0 = Debug|Any CPU
		{FFBFC2A9-E60C-4D9D-9ABC-5EAA42B923D6}.Release|Any CPU.ActiveCfg = Release|Any CPU
		{FFBFC2A9-E60C-4D9D-9ABC-5EAA42B923D6}.Release|Any CPU.Build.0 = Release|Any CPU
	EndGlobalSection
	GlobalSection(SolutionProperties) = preSolution
		HideSolutionNode = FALSE
	EndGlobalSection
	GlobalSection(ExtensibilityGlobals) = postSolution
		SolutionGuid = {0A10776F-3DD4-4EA1-815D-6CC71C9E84E2}
	EndGlobalSection
EndGlobal
